
Microsoft Visual Studio Solution File, Format Version 12.00
# Visual Studio Version 16
VisualStudioVersion = 16.0.28922.388
MinimumVisualStudioVersion = 10.0.40219.1
Project("{9A19103F-16F7-4668-BE54-9A1E7A4F7556}") = "Classes", "Classes\Classes.csproj", "{6573A105-5411-4AA2-9008-150F8B022BDB}"
EndProject
Project("{9A19103F-16F7-4668-BE54-9A1E7A4F7556}") = "Calculator", "Calculator\Calculator.csproj", "{9995733F-C270-4CBB-89AD-D84E1FC33F9B}"
EndProject
Project("{9A19103F-16F7-4668-BE54-9A1E7A4F7556}") = "Exercises", "Exercises\Exercises.csproj", "{06ECBE99-E8A9-4F7D-95EA-DB0643B9B61E}"
EndProject
Project("{9A19103F-16F7-4668-BE54-9A1E7A4F7556}") = "Access Modifiers", "Access Modifiers\Access Modifiers.csproj", "{A54FC423-4E50-4680-9834-815FF1979BD7}"
EndProject
Project("{9A19103F-16F7-4668-BE54-9A1E7A4F7556}") = "Shop", "Shop\Shop.csproj", "{1198AB73-C8A1-4A37-AB15-EB6E3BCABFD4}"
EndProject
Project("{9A19103F-16F7-4668-BE54-9A1E7A4F7556}") = "Exceptions", "Exceptions\Exceptions.csproj", "{ACD43915-8E18-4699-9089-9D731CE333B1}"
EndProject
Project("{9A19103F-16F7-4668-BE54-9A1E7A4F7556}") = "Inheritance", "Inheritance\Inheritance.csproj", "{84FEE86D-367F-4529-8E63-D9CA82B49007}"
EndProject
Project("{9A19103F-16F7-4668-BE54-9A1E7A4F7556}") = "Interfaces", "Interfaces\Interfaces.csproj", "{346E7DC1-1F09-4D21-A6F6-3AC48B8B01FE}"
EndProject
Project("{9A19103F-16F7-4668-BE54-9A1E7A4F7556}") = "Files", "Files\Files.csproj", "{58F6B972-81EF-4FDD-A20F-288174EBA0EF}"
EndProject
Global
	GlobalSection(SolutionConfigurationPlatforms) = preSolution
		Debug|Any CPU = Debug|Any CPU
		Debug|x86 = Debug|x86
		Release|Any CPU = Release|Any CPU
		Release|x86 = Release|x86
	EndGlobalSection
	GlobalSection(ProjectConfigurationPlatforms) = postSolution
		{6573A105-5411-4AA2-9008-150F8B022BDB}.Debug|Any CPU.ActiveCfg = Debug|Any CPU
		{6573A105-5411-4AA2-9008-150F8B022BDB}.Debug|Any CPU.Build.0 = Debug|Any CPU
		{6573A105-5411-4AA2-9008-150F8B022BDB}.Debug|x86.ActiveCfg = Debug|Any CPU
		{6573A105-5411-4AA2-9008-150F8B022BDB}.Debug|x86.Build.0 = Debug|Any CPU
		{6573A105-5411-4AA2-9008-150F8B022BDB}.Release|Any CPU.ActiveCfg = Release|Any CPU
		{6573A105-5411-4AA2-9008-150F8B022BDB}.Release|Any CPU.Build.0 = Release|Any CPU
		{6573A105-5411-4AA2-9008-150F8B022BDB}.Release|x86.ActiveCfg = Release|Any CPU
		{6573A105-5411-4AA2-9008-150F8B022BDB}.Release|x86.Build.0 = Release|Any CPU
		{9995733F-C270-4CBB-89AD-D84E1FC33F9B}.Debug|Any CPU.ActiveCfg = Debug|Any CPU
		{9995733F-C270-4CBB-89AD-D84E1FC33F9B}.Debug|Any CPU.Build.0 = Debug|Any CPU
		{9995733F-C270-4CBB-89AD-D84E1FC33F9B}.Debug|x86.ActiveCfg = Debug|Any CPU
		{9995733F-C270-4CBB-89AD-D84E1FC33F9B}.Debug|x86.Build.0 = Debug|Any CPU
		{9995733F-C270-4CBB-89AD-D84E1FC33F9B}.Release|Any CPU.ActiveCfg = Release|Any CPU
		{9995733F-C270-4CBB-89AD-D84E1FC33F9B}.Release|Any CPU.Build.0 = Release|Any CPU
		{9995733F-C270-4CBB-89AD-D84E1FC33F9B}.Release|x86.ActiveCfg = Release|Any CPU
		{9995733F-C270-4CBB-89AD-D84E1FC33F9B}.Release|x86.Build.0 = Release|Any CPU
		{06ECBE99-E8A9-4F7D-95EA-DB0643B9B61E}.Debug|Any CPU.ActiveCfg = Debug|Any CPU
		{06ECBE99-E8A9-4F7D-95EA-DB0643B9B61E}.Debug|Any CPU.Build.0 = Debug|Any CPU
		{06ECBE99-E8A9-4F7D-95EA-DB0643B9B61E}.Debug|x86.ActiveCfg = Debug|Any CPU
		{06ECBE99-E8A9-4F7D-95EA-DB0643B9B61E}.Debug|x86.Build.0 = Debug|Any CPU
		{06ECBE99-E8A9-4F7D-95EA-DB0643B9B61E}.Release|Any CPU.ActiveCfg = Release|Any CPU
		{06ECBE99-E8A9-4F7D-95EA-DB0643B9B61E}.Release|Any CPU.Build.0 = Release|Any CPU
		{06ECBE99-E8A9-4F7D-95EA-DB0643B9B61E}.Release|x86.ActiveCfg = Release|Any CPU
		{06ECBE99-E8A9-4F7D-95EA-DB0643B9B61E}.Release|x86.Build.0 = Release|Any CPU
		{A54FC423-4E50-4680-9834-815FF1979BD7}.Debug|Any CPU.ActiveCfg = Debug|Any CPU
		{A54FC423-4E50-4680-9834-815FF1979BD7}.Debug|Any CPU.Build.0 = Debug|Any CPU
		{A54FC423-4E50-4680-9834-815FF1979BD7}.Debug|x86.ActiveCfg = Debug|Any CPU
		{A54FC423-4E50-4680-9834-815FF1979BD7}.Debug|x86.Build.0 = Debug|Any CPU
		{A54FC423-4E50-4680-9834-815FF1979BD7}.Release|Any CPU.ActiveCfg = Release|Any CPU
		{A54FC423-4E50-4680-9834-815FF1979BD7}.Release|Any CPU.Build.0 = Release|Any CPU
		{A54FC423-4E50-4680-9834-815FF1979BD7}.Release|x86.ActiveCfg = Release|Any CPU
		{A54FC423-4E50-4680-9834-815FF1979BD7}.Release|x86.Build.0 = Release|Any CPU
		{1198AB73-C8A1-4A37-AB15-EB6E3BCABFD4}.Debug|Any CPU.ActiveCfg = Debug|Any CPU
		{1198AB73-C8A1-4A37-AB15-EB6E3BCABFD4}.Debug|Any CPU.Build.0 = Debug|Any CPU
		{1198AB73-C8A1-4A37-AB15-EB6E3BCABFD4}.Debug|x86.ActiveCfg = Debug|Any CPU
		{1198AB73-C8A1-4A37-AB15-EB6E3BCABFD4}.Debug|x86.Build.0 = Debug|Any CPU
		{1198AB73-C8A1-4A37-AB15-EB6E3BCABFD4}.Release|Any CPU.ActiveCfg = Release|Any CPU
		{1198AB73-C8A1-4A37-AB15-EB6E3BCABFD4}.Release|Any CPU.Build.0 = Release|Any CPU
		{1198AB73-C8A1-4A37-AB15-EB6E3BCABFD4}.Release|x86.ActiveCfg = Release|Any CPU
		{1198AB73-C8A1-4A37-AB15-EB6E3BCABFD4}.Release|x86.Build.0 = Release|Any CPU
		{ACD43915-8E18-4699-9089-9D731CE333B1}.Debug|Any CPU.ActiveCfg = Debug|Any CPU
		{ACD43915-8E18-4699-9089-9D731CE333B1}.Debug|Any CPU.Build.0 = Debug|Any CPU
		{ACD43915-8E18-4699-9089-9D731CE333B1}.Debug|x86.ActiveCfg = Debug|Any CPU
		{ACD43915-8E18-4699-9089-9D731CE333B1}.Debug|x86.Build.0 = Debug|Any CPU
		{ACD43915-8E18-4699-9089-9D731CE333B1}.Release|Any CPU.ActiveCfg = Release|Any CPU
		{ACD43915-8E18-4699-9089-9D731CE333B1}.Release|Any CPU.Build.0 = Release|Any CPU
		{ACD43915-8E18-4699-9089-9D731CE333B1}.Release|x86.ActiveCfg = Release|Any CPU
		{ACD43915-8E18-4699-9089-9D731CE333B1}.Release|x86.Build.0 = Release|Any CPU
		{84FEE86D-367F-4529-8E63-D9CA82B49007}.Debug|Any CPU.ActiveCfg = Debug|Any CPU
		{84FEE86D-367F-4529-8E63-D9CA82B49007}.Debug|Any CPU.Build.0 = Debug|Any CPU
		{84FEE86D-367F-4529-8E63-D9CA82B49007}.Debug|x86.ActiveCfg = Debug|Any CPU
		{84FEE86D-367F-4529-8E63-D9CA82B49007}.Debug|x86.Build.0 = Debug|Any CPU
		{84FEE86D-367F-4529-8E63-D9CA82B49007}.Release|Any CPU.ActiveCfg = Release|Any CPU
		{84FEE86D-367F-4529-8E63-D9CA82B49007}.Release|Any CPU.Build.0 = Release|Any CPU
		{84FEE86D-367F-4529-8E63-D9CA82B49007}.Release|x86.ActiveCfg = Release|Any CPU
		{84FEE86D-367F-4529-8E63-D9CA82B49007}.Release|x86.Build.0 = Release|Any CPU
		{346E7DC1-1F09-4D21-A6F6-3AC48B8B01FE}.Debug|Any CPU.ActiveCfg = Debug|Any CPU
		{346E7DC1-1F09-4D21-A6F6-3AC48B8B01FE}.Debug|Any CPU.Build.0 = Debug|Any CPU
		{346E7DC1-1F09-4D21-A6F6-3AC48B8B01FE}.Debug|x86.ActiveCfg = Debug|Any CPU
		{346E7DC1-1F09-4D21-A6F6-3AC48B8B01FE}.Debug|x86.Build.0 = Debug|Any CPU
		{346E7DC1-1F09-4D21-A6F6-3AC48B8B01FE}.Release|Any CPU.ActiveCfg = Release|Any CPU
		{346E7DC1-1F09-4D21-A6F6-3AC48B8B01FE}.Release|Any CPU.Build.0 = Release|Any CPU
		{346E7DC1-1F09-4D21-A6F6-3AC48B8B01FE}.Release|x86.ActiveCfg = Release|Any CPU
		{346E7DC1-1F09-4D21-A6F6-3AC48B8B01FE}.Release|x86.Build.0 = Release|Any CPU
		{58F6B972-81EF-4FDD-A20F-288174EBA0EF}.Debug|Any CPU.ActiveCfg = Debug|Any CPU
		{58F6B972-81EF-4FDD-A20F-288174EBA0EF}.Debug|Any CPU.Build.0 = Debug|Any CPU
		{58F6B972-81EF-4FDD-A20F-288174EBA0EF}.Debug|x86.ActiveCfg = Debug|Any CPU
		{58F6B972-81EF-4FDD-A20F-288174EBA0EF}.Debug|x86.Build.0 = Debug|Any CPU
		{58F6B972-81EF-4FDD-A20F-288174EBA0EF}.Release|Any CPU.ActiveCfg = Release|Any CPU
		{58F6B972-81EF-4FDD-A20F-288174EBA0EF}.Release|Any CPU.Build.0 = Release|Any CPU
		{58F6B972-81EF-4FDD-A20F-288174EBA0EF}.Release|x86.ActiveCfg = Release|Any CPU
		{58F6B972-81EF-4FDD-A20F-288174EBA0EF}.Release|x86.Build.0 = Release|Any CPU
	EndGlobalSection
	GlobalSection(SolutionProperties) = preSolution
		HideSolutionNode = FALSE
	EndGlobalSection
	GlobalSection(ExtensibilityGlobals) = postSolution
		SolutionGuid = {C9BD464B-D9C3-4530-A62C-4DBF4C7A0B73}
	EndGlobalSection
EndGlobal
